{
  "requires": true,
  "lockfileVersion": 1,
  "dependencies": {
    "konva": {
      "version": "7.2.4",
      "resolved": "https://registry.npmjs.org/konva/-/konva-7.2.4.tgz",
      "integrity": "sha512-i6ShSipM4o3HC3yjuTNHSa18rml7XXJowg942BrCmyyyylg1CefiwN7sZE+0ax8icRfiBSUPjRqzDeNN3aLnoQ=="
    }
  }
}
